
Microsoft Visual Studio Solution File, Format Version 12.00
# Visual Studio Version 16
VisualStudioVersion = 16.0.30204.135
MinimumVisualStudioVersion = 10.0.40219.1
Project("{FAE04EC0-301F-11D3-BF4B-00C04F79EFBC}") = "MobilePhoneStoreEcommerce", "MobilePhoneStoreEcommerce\MobilePhoneStoreEcommerce.csproj", "{8A962583-3EEC-4323-A79A-AD3B24F22199}"
EndProject
Global
	GlobalSection(SolutionConfigurationPlatforms) = preSolution
		Debug|Any CPU = Debug|Any CPU
		Release|Any CPU = Release|Any CPU
	EndGlobalSection
	GlobalSection(ProjectConfigurationPlatforms) = postSolution
		{8A962583-3EEC-4323-A79A-AD3B24F22199}.Debug|Any CPU.ActiveCfg = Debug|Any CPU
		{8A962583-3EEC-4323-A79A-AD3B24F22199}.Debug|Any CPU.Build.0 = Debug|Any CPU
		{8A962583-3EEC-4323-A79A-AD3B24F22199}.Release|Any CPU.ActiveCfg = Release|Any CPU
		{8A962583-3EEC-4323-A79A-AD3B24F22199}.Release|Any CPU.Build.0 = Release|Any CPU
	EndGlobalSection
	GlobalSection(SolutionProperties) = preSolution
		HideSolutionNode = FALSE
	EndGlobalSection
	GlobalSection(ExtensibilityGlobals) = postSolution
		SolutionGuid = {E93B0404-2349-4DDF-B792-1E6517EDF69E}
	EndGlobalSection
EndGlobal
